// !$*UTF8*$!
{
	archiveVersion = 1;
	classes = {
	};
	objectVersion = 46;
	objects = {

/* Begin PBXBuildFile section */
		7198B61850D3C76489199D4C /* Pods_MicroReminders.framework in Frameworks */ = {isa = PBXBuildFile; fileRef = EC12157FA9B09E463B9F1FEF /* Pods_MicroReminders.framework */; };
		D908290E1DD3A7920036FB4C /* IntroPageViewController.swift in Sources */ = {isa = PBXBuildFile; fileRef = D908290D1DD3A7920036FB4C /* IntroPageViewController.swift */; };
		D908FF851E5B713800C6698F /* GoalCardCollectionViewController.swift in Sources */ = {isa = PBXBuildFile; fileRef = D908FF841E5B713800C6698F /* GoalCardCollectionViewController.swift */; };
		D908FF871E5B784E00C6698F /* GoalCard.swift in Sources */ = {isa = PBXBuildFile; fileRef = D908FF861E5B784E00C6698F /* GoalCard.swift */; };
		D908FF8B1E5C181800C6698F /* Goal.swift in Sources */ = {isa = PBXBuildFile; fileRef = D908FF8A1E5C181800C6698F /* Goal.swift */; };
		D94BB50C1DC6BA350050B8DA /* GoalTaskList.swift in Sources */ = {isa = PBXBuildFile; fileRef = D94BB50B1DC6BA350050B8DA /* GoalTaskList.swift */; };
		D94BB50E1DC6BBE40050B8DA /* GoalTask.swift in Sources */ = {isa = PBXBuildFile; fileRef = D94BB50D1DC6BBE40050B8DA /* GoalTask.swift */; };
		D97A44191DC3B3DE00B3A184 /* TaskNotificationManager.swift in Sources */ = {isa = PBXBuildFile; fileRef = D97A44181DC3B3DE00B3A184 /* TaskNotificationManager.swift */; };
		D9853DA01E56169F00AC5FBE /* Tasks.swift in Sources */ = {isa = PBXBuildFile; fileRef = D9853D9F1E56169F00AC5FBE /* Tasks.swift */; };
		D9BF34991E36CCA800650041 /* CustomTaskConstraintViewController.swift in Sources */ = {isa = PBXBuildFile; fileRef = D9BF34981E36CCA800650041 /* CustomTaskConstraintViewController.swift */; };
		D9BF349B1E36CCCC00650041 /* NumberTimeFormatter.swift in Sources */ = {isa = PBXBuildFile; fileRef = D9BF349A1E36CCCC00650041 /* NumberTimeFormatter.swift */; };
		D9C2FF891DC50970007D08F1 /* Beacons.swift in Sources */ = {isa = PBXBuildFile; fileRef = D9C2FF881DC50970007D08F1 /* Beacons.swift */; };
		D9D6E5CC1E3289E300B0CA53 /* TaskConstraintViewController.swift in Sources */ = {isa = PBXBuildFile; fileRef = D9D6E5CB1E3289E300B0CA53 /* TaskConstraintViewController.swift */; };
		D9DF32EA1DBBE68D00281264 /* Task.swift in Sources */ = {isa = PBXBuildFile; fileRef = D9DF32E91DBBE68D00281264 /* Task.swift */; };
		D9E128221DEBA48B00DAC235 /* GoogleService-Info.plist in Resources */ = {isa = PBXBuildFile; fileRef = D9E128211DEBA48B00DAC235 /* GoogleService-Info.plist */; };
		D9E5889B1CC538650084D7E7 /* AppDelegate.swift in Sources */ = {isa = PBXBuildFile; fileRef = D9E588941CC538650084D7E7 /* AppDelegate.swift */; };
		D9E588A81CC538F80084D7E7 /* Main.storyboard in Resources */ = {isa = PBXBuildFile; fileRef = D9E588A51CC538F80084D7E7 /* Main.storyboard */; };
		D9EBC7161E4A850800E3438C /* Media.xcassets in Resources */ = {isa = PBXBuildFile; fileRef = D9EBC7151E4A850800E3438C /* Media.xcassets */; };
/* End PBXBuildFile section */

/* Begin PBXFileReference section */
		7BD9CF5CF668BE182CFF2666 /* Pods-MicroReminders.release.xcconfig */ = {isa = PBXFileReference; includeInIndex = 1; lastKnownFileType = text.xcconfig; name = "Pods-MicroReminders.release.xcconfig"; path = "Pods/Target Support Files/Pods-MicroReminders/Pods-MicroReminders.release.xcconfig"; sourceTree = "<group>"; };
		CCC977EBBD58CFA943005459 /* Pods-MicroReminders.debug.xcconfig */ = {isa = PBXFileReference; includeInIndex = 1; lastKnownFileType = text.xcconfig; name = "Pods-MicroReminders.debug.xcconfig"; path = "Pods/Target Support Files/Pods-MicroReminders/Pods-MicroReminders.debug.xcconfig"; sourceTree = "<group>"; };
		D908290D1DD3A7920036FB4C /* IntroPageViewController.swift */ = {isa = PBXFileReference; fileEncoding = 4; lastKnownFileType = sourcecode.swift; path = IntroPageViewController.swift; sourceTree = "<group>"; };
		D908FF841E5B713800C6698F /* GoalCardCollectionViewController.swift */ = {isa = PBXFileReference; fileEncoding = 4; lastKnownFileType = sourcecode.swift; lineEnding = 0; path = GoalCardCollectionViewController.swift; sourceTree = "<group>"; xcLanguageSpecificationIdentifier = xcode.lang.swift; };
		D908FF861E5B784E00C6698F /* GoalCard.swift */ = {isa = PBXFileReference; fileEncoding = 4; lastKnownFileType = sourcecode.swift; path = GoalCard.swift; sourceTree = "<group>"; };
		D908FF8A1E5C181800C6698F /* Goal.swift */ = {isa = PBXFileReference; fileEncoding = 4; lastKnownFileType = sourcecode.swift; lineEnding = 0; path = Goal.swift; sourceTree = "<group>"; xcLanguageSpecificationIdentifier = xcode.lang.swift; };
		D93CB7981CC5372D00F8C73B /* MicroReminders.app */ = {isa = PBXFileReference; explicitFileType = wrapper.application; includeInIndex = 0; path = MicroReminders.app; sourceTree = BUILT_PRODUCTS_DIR; };
		D94BB50B1DC6BA350050B8DA /* GoalTaskList.swift */ = {isa = PBXFileReference; fileEncoding = 4; lastKnownFileType = sourcecode.swift; lineEnding = 0; path = GoalTaskList.swift; sourceTree = "<group>"; xcLanguageSpecificationIdentifier = xcode.lang.swift; };
		D94BB50D1DC6BBE40050B8DA /* GoalTask.swift */ = {isa = PBXFileReference; fileEncoding = 4; lastKnownFileType = sourcecode.swift; path = GoalTask.swift; sourceTree = "<group>"; };
		D97A44181DC3B3DE00B3A184 /* TaskNotificationManager.swift */ = {isa = PBXFileReference; fileEncoding = 4; lastKnownFileType = sourcecode.swift; path = TaskNotificationManager.swift; sourceTree = "<group>"; };
		D9853D9F1E56169F00AC5FBE /* Tasks.swift */ = {isa = PBXFileReference; fileEncoding = 4; lastKnownFileType = sourcecode.swift; name = Tasks.swift; path = ../Tasks.swift; sourceTree = "<group>"; };
		D9BF34981E36CCA800650041 /* CustomTaskConstraintViewController.swift */ = {isa = PBXFileReference; fileEncoding = 4; lastKnownFileType = sourcecode.swift; path = CustomTaskConstraintViewController.swift; sourceTree = "<group>"; };
		D9BF349A1E36CCCC00650041 /* NumberTimeFormatter.swift */ = {isa = PBXFileReference; fileEncoding = 4; lastKnownFileType = sourcecode.swift; path = NumberTimeFormatter.swift; sourceTree = "<group>"; };
		D9C2FF881DC50970007D08F1 /* Beacons.swift */ = {isa = PBXFileReference; fileEncoding = 4; lastKnownFileType = sourcecode.swift; path = Beacons.swift; sourceTree = "<group>"; };
		D9D6E5CB1E3289E300B0CA53 /* TaskConstraintViewController.swift */ = {isa = PBXFileReference; fileEncoding = 4; lastKnownFileType = sourcecode.swift; path = TaskConstraintViewController.swift; sourceTree = "<group>"; };
		D9DF32E91DBBE68D00281264 /* Task.swift */ = {isa = PBXFileReference; fileEncoding = 4; lastKnownFileType = sourcecode.swift; path = Task.swift; sourceTree = "<group>"; };
		D9E128211DEBA48B00DAC235 /* GoogleService-Info.plist */ = {isa = PBXFileReference; fileEncoding = 4; lastKnownFileType = text.plist.xml; path = "GoogleService-Info.plist"; sourceTree = "<group>"; };
		D9E588941CC538650084D7E7 /* AppDelegate.swift */ = {isa = PBXFileReference; fileEncoding = 4; lastKnownFileType = sourcecode.swift; path = AppDelegate.swift; sourceTree = "<group>"; };
		D9E588951CC538650084D7E7 /* Info.plist */ = {isa = PBXFileReference; fileEncoding = 4; lastKnownFileType = text.plist.xml; path = Info.plist; sourceTree = "<group>"; };
		D9E588961CC538650084D7E7 /* ObjCBridge.h */ = {isa = PBXFileReference; fileEncoding = 4; lastKnownFileType = sourcecode.c.h; path = ObjCBridge.h; sourceTree = "<group>"; };
		D9E588A61CC538F80084D7E7 /* Base */ = {isa = PBXFileReference; lastKnownFileType = file.storyboard; name = Base; path = Base.lproj/Main.storyboard; sourceTree = "<group>"; };
		D9EBC7151E4A850800E3438C /* Media.xcassets */ = {isa = PBXFileReference; lastKnownFileType = folder.assetcatalog; name = Media.xcassets; path = ../Media.xcassets; sourceTree = "<group>"; };
		EC12157FA9B09E463B9F1FEF /* Pods_MicroReminders.framework */ = {isa = PBXFileReference; explicitFileType = wrapper.framework; includeInIndex = 0; path = Pods_MicroReminders.framework; sourceTree = BUILT_PRODUCTS_DIR; };
/* End PBXFileReference section */

/* Begin PBXFrameworksBuildPhase section */
		D93CB7951CC5372D00F8C73B /* Frameworks */ = {
			isa = PBXFrameworksBuildPhase;
			buildActionMask = 2147483647;
			files = (
				7198B61850D3C76489199D4C /* Pods_MicroReminders.framework in Frameworks */,
			);
			runOnlyForDeploymentPostprocessing = 0;
		};
/* End PBXFrameworksBuildPhase section */

/* Begin PBXGroup section */
		8A63EA7772D87627F5ABC5F3 /* Frameworks */ = {
			isa = PBXGroup;
			children = (
				EC12157FA9B09E463B9F1FEF /* Pods_MicroReminders.framework */,
			);
			name = Frameworks;
			sourceTree = "<group>";
		};
		D402798820DBBFD08F9BB892 /* Pods */ = {
			isa = PBXGroup;
			children = (
				CCC977EBBD58CFA943005459 /* Pods-MicroReminders.debug.xcconfig */,
				7BD9CF5CF668BE182CFF2666 /* Pods-MicroReminders.release.xcconfig */,
			);
			name = Pods;
			sourceTree = "<group>";
		};
		D90323841CE811160025FEBB /* Supporting files */ = {
			isa = PBXGroup;
			children = (
				D9EBC7151E4A850800E3438C /* Media.xcassets */,
				D9E128211DEBA48B00DAC235 /* GoogleService-Info.plist */,
				D9E588951CC538650084D7E7 /* Info.plist */,
				D9E588961CC538650084D7E7 /* ObjCBridge.h */,
			);
			name = "Supporting files";
			sourceTree = "<group>";
		};
		D908290C1DD3A7800036FB4C /* IntroPage */ = {
			isa = PBXGroup;
			children = (
				D908290D1DD3A7920036FB4C /* IntroPageViewController.swift */,
			);
			name = IntroPage;
			sourceTree = "<group>";
		};
		D908FF831E5B70D400C6698F /* Goals */ = {
			isa = PBXGroup;
			children = (
				D908FF841E5B713800C6698F /* GoalCardCollectionViewController.swift */,
				D908FF861E5B784E00C6698F /* GoalCard.swift */,
				D908FF8A1E5C181800C6698F /* Goal.swift */,
			);
			name = Goals;
			sourceTree = "<group>";
		};
		D93CB78F1CC5372D00F8C73B = {
			isa = PBXGroup;
			children = (
				D93CB79A1CC5372D00F8C73B /* MicroReminders */,
				D93CB7991CC5372D00F8C73B /* Products */,
				8A63EA7772D87627F5ABC5F3 /* Frameworks */,
				D402798820DBBFD08F9BB892 /* Pods */,
			);
			sourceTree = "<group>";
		};
		D93CB7991CC5372D00F8C73B /* Products */ = {
			isa = PBXGroup;
			children = (
				D93CB7981CC5372D00F8C73B /* MicroReminders.app */,
			);
			name = Products;
			sourceTree = "<group>";
		};
		D93CB79A1CC5372D00F8C73B /* MicroReminders */ = {
			isa = PBXGroup;
			children = (
				D908FF831E5B70D400C6698F /* Goals */,
				D9D6E5CA1E3289C400B0CA53 /* Tasks */,
				D908290C1DD3A7800036FB4C /* IntroPage */,
				D9DF32E41DBBE5F200281264 /* MyTasksPage */,
				D90323841CE811160025FEBB /* Supporting files */,
				D9E588A51CC538F80084D7E7 /* Main.storyboard */,
				D9C2FF881DC50970007D08F1 /* Beacons.swift */,
				D9E588941CC538650084D7E7 /* AppDelegate.swift */,
			);
			path = MicroReminders;
			sourceTree = "<group>";
		};
		D9D6E5CA1E3289C400B0CA53 /* Tasks */ = {
			isa = PBXGroup;
			children = (
				D9853D9F1E56169F00AC5FBE /* Tasks.swift */,
				D9DF32E91DBBE68D00281264 /* Task.swift */,
				D97A44181DC3B3DE00B3A184 /* TaskNotificationManager.swift */,
				D9D6E5CB1E3289E300B0CA53 /* TaskConstraintViewController.swift */,
				D9BF34981E36CCA800650041 /* CustomTaskConstraintViewController.swift */,
				D9BF349A1E36CCCC00650041 /* NumberTimeFormatter.swift */,
			);
			name = Tasks;
			sourceTree = "<group>";
		};
		D9DF32E41DBBE5F200281264 /* MyTasksPage */ = {
			isa = PBXGroup;
			children = (
				D94BB50B1DC6BA350050B8DA /* GoalTaskList.swift */,
				D94BB50D1DC6BBE40050B8DA /* GoalTask.swift */,
			);
			name = MyTasksPage;
			sourceTree = "<group>";
		};
/* End PBXGroup section */

/* Begin PBXNativeTarget section */
		D93CB7971CC5372D00F8C73B /* MicroReminders */ = {
			isa = PBXNativeTarget;
			buildConfigurationList = D93CB7AA1CC5372D00F8C73B /* Build configuration list for PBXNativeTarget "MicroReminders" */;
			buildPhases = (
				88AE0599F8F953F23DD6382D /* 📦 Check Pods Manifest.lock */,
				D93CB7941CC5372D00F8C73B /* Sources */,
				D93CB7951CC5372D00F8C73B /* Frameworks */,
				D93CB7961CC5372D00F8C73B /* Resources */,
				D9E22B56CEE4EF3313A884E8 /* 📦 Embed Pods Frameworks */,
				A1682FEDA7937AA42D22ACAE /* 📦 Copy Pods Resources */,
			);
			buildRules = (
			);
			dependencies = (
			);
			name = MicroReminders;
			productName = MicroReminders;
			productReference = D93CB7981CC5372D00F8C73B /* MicroReminders.app */;
			productType = "com.apple.product-type.application";
		};
/* End PBXNativeTarget section */

/* Begin PBXProject section */
		D93CB7901CC5372D00F8C73B /* Project object */ = {
			isa = PBXProject;
			attributes = {
				LastSwiftUpdateCheck = 0720;
				LastUpgradeCheck = 0810;
				ORGANIZATIONNAME = "Sasha Weiss";
				TargetAttributes = {
					D93CB7971CC5372D00F8C73B = {
						CreatedOnToolsVersion = 7.2;
						DevelopmentTeam = W4E2C6X642;
						LastSwiftMigration = 0810;
						ProvisioningStyle = Manual;
					};
				};
			};
			buildConfigurationList = D93CB7931CC5372D00F8C73B /* Build configuration list for PBXProject "MicroReminders" */;
			compatibilityVersion = "Xcode 3.2";
			developmentRegion = English;
			hasScannedForEncodings = 0;
			knownRegions = (
				en,
				Base,
			);
			mainGroup = D93CB78F1CC5372D00F8C73B;
			productRefGroup = D93CB7991CC5372D00F8C73B /* Products */;
			projectDirPath = "";
			projectRoot = "";
			targets = (
				D93CB7971CC5372D00F8C73B /* MicroReminders */,
			);
		};
/* End PBXProject section */

/* Begin PBXResourcesBuildPhase section */
		D93CB7961CC5372D00F8C73B /* Resources */ = {
			isa = PBXResourcesBuildPhase;
			buildActionMask = 2147483647;
			files = (
				D9E588A81CC538F80084D7E7 /* Main.storyboard in Resources */,
				D9EBC7161E4A850800E3438C /* Media.xcassets in Resources */,
				D9E128221DEBA48B00DAC235 /* GoogleService-Info.plist in Resources */,
			);
			runOnlyForDeploymentPostprocessing = 0;
		};
/* End PBXResourcesBuildPhase section */

/* Begin PBXShellScriptBuildPhase section */
		88AE0599F8F953F23DD6382D /* 📦 Check Pods Manifest.lock */ = {
			isa = PBXShellScriptBuildPhase;
			buildActionMask = 2147483647;
			files = (
			);
			inputPaths = (
			);
			name = "📦 Check Pods Manifest.lock";
			outputPaths = (
			);
			runOnlyForDeploymentPostprocessing = 0;
			shellPath = /bin/sh;
			shellScript = "diff \"${PODS_ROOT}/../Podfile.lock\" \"${PODS_ROOT}/Manifest.lock\" > /dev/null\nif [[ $? != 0 ]] ; then\n    cat << EOM\nerror: The sandbox is not in sync with the Podfile.lock. Run 'pod install' or update your CocoaPods installation.\nEOM\n    exit 1\nfi\n";
			showEnvVarsInLog = 0;
		};
		A1682FEDA7937AA42D22ACAE /* 📦 Copy Pods Resources */ = {
			isa = PBXShellScriptBuildPhase;
			buildActionMask = 2147483647;
			files = (
			);
			inputPaths = (
			);
			name = "📦 Copy Pods Resources";
			outputPaths = (
			);
			runOnlyForDeploymentPostprocessing = 0;
			shellPath = /bin/sh;
			shellScript = "\"${SRCROOT}/Pods/Target Support Files/Pods-MicroReminders/Pods-MicroReminders-resources.sh\"\n";
			showEnvVarsInLog = 0;
		};
		D9E22B56CEE4EF3313A884E8 /* 📦 Embed Pods Frameworks */ = {
			isa = PBXShellScriptBuildPhase;
			buildActionMask = 2147483647;
			files = (
			);
			inputPaths = (
			);
			name = "📦 Embed Pods Frameworks";
			outputPaths = (
			);
			runOnlyForDeploymentPostprocessing = 0;
			shellPath = /bin/sh;
			shellScript = "\"${SRCROOT}/Pods/Target Support Files/Pods-MicroReminders/Pods-MicroReminders-frameworks.sh\"\n";
			showEnvVarsInLog = 0;
		};
/* End PBXShellScriptBuildPhase section */

/* Begin PBXSourcesBuildPhase section */
		D93CB7941CC5372D00F8C73B /* Sources */ = {
			isa = PBXSourcesBuildPhase;
			buildActionMask = 2147483647;
			files = (
				D9BF349B1E36CCCC00650041 /* NumberTimeFormatter.swift in Sources */,
				D9D6E5CC1E3289E300B0CA53 /* TaskConstraintViewController.swift in Sources */,
				D908290E1DD3A7920036FB4C /* IntroPageViewController.swift in Sources */,
				D9C2FF891DC50970007D08F1 /* Beacons.swift in Sources */,
				D94BB50E1DC6BBE40050B8DA /* GoalTask.swift in Sources */,
				D94BB50C1DC6BA350050B8DA /* GoalTaskList.swift in Sources */,
				D908FF8B1E5C181800C6698F /* Goal.swift in Sources */,
				D9DF32EA1DBBE68D00281264 /* Task.swift in Sources */,
				D9BF34991E36CCA800650041 /* CustomTaskConstraintViewController.swift in Sources */,
				D908FF871E5B784E00C6698F /* GoalCard.swift in Sources */,
				D908FF851E5B713800C6698F /* GoalCardCollectionViewController.swift in Sources */,
				D9853DA01E56169F00AC5FBE /* Tasks.swift in Sources */,
				D97A44191DC3B3DE00B3A184 /* TaskNotificationManager.swift in Sources */,
				D9E5889B1CC538650084D7E7 /* AppDelegate.swift in Sources */,
			);
			runOnlyForDeploymentPostprocessing = 0;
		};
/* End PBXSourcesBuildPhase section */

/* Begin PBXVariantGroup section */
		D9E588A51CC538F80084D7E7 /* Main.storyboard */ = {
			isa = PBXVariantGroup;
			children = (
				D9E588A61CC538F80084D7E7 /* Base */,
			);
			name = Main.storyboard;
			sourceTree = "<group>";
		};
/* End PBXVariantGroup section */

/* Begin XCBuildConfiguration section */
		D93CB7A81CC5372D00F8C73B /* Debug */ = {
			isa = XCBuildConfiguration;
			buildSettings = {
				ALWAYS_SEARCH_USER_PATHS = NO;
				CLANG_CXX_LANGUAGE_STANDARD = "gnu++0x";
				CLANG_CXX_LIBRARY = "libc++";
				CLANG_ENABLE_MODULES = YES;
				CLANG_ENABLE_OBJC_ARC = YES;
				CLANG_WARN_BOOL_CONVERSION = YES;
				CLANG_WARN_CONSTANT_CONVERSION = YES;
				CLANG_WARN_DIRECT_OBJC_ISA_USAGE = YES_ERROR;
				CLANG_WARN_EMPTY_BODY = YES;
				CLANG_WARN_ENUM_CONVERSION = YES;
				CLANG_WARN_INFINITE_RECURSION = YES;
				CLANG_WARN_INT_CONVERSION = YES;
				CLANG_WARN_OBJC_ROOT_CLASS = YES_ERROR;
				CLANG_WARN_SUSPICIOUS_MOVE = YES;
				CLANG_WARN_UNREACHABLE_CODE = YES;
				CLANG_WARN__DUPLICATE_METHOD_MATCH = YES;
				CODE_SIGN_IDENTITY = "iPhone Developer: Alexander Weiss (C58M53AJ28)";
				"CODE_SIGN_IDENTITY[sdk=iphoneos*]" = "iPhone Developer: Alexander Weiss (C58M53AJ28)";
				COPY_PHASE_STRIP = NO;
				DEBUG_INFORMATION_FORMAT = dwarf;
				ENABLE_STRICT_OBJC_MSGSEND = YES;
				ENABLE_TESTABILITY = YES;
				GCC_C_LANGUAGE_STANDARD = gnu99;
				GCC_DYNAMIC_NO_PIC = NO;
				GCC_NO_COMMON_BLOCKS = YES;
				GCC_OPTIMIZATION_LEVEL = 0;
				GCC_PREPROCESSOR_DEFINITIONS = (
					"DEBUG=1",
					"$(inherited)",
				);
				GCC_WARN_64_TO_32_BIT_CONVERSION = YES;
				GCC_WARN_ABOUT_RETURN_TYPE = YES_ERROR;
				GCC_WARN_UNDECLARED_SELECTOR = YES;
				GCC_WARN_UNINITIALIZED_AUTOS = YES_AGGRESSIVE;
				GCC_WARN_UNUSED_FUNCTION = YES;
				GCC_WARN_UNUSED_VARIABLE = YES;
				IPHONEOS_DEPLOYMENT_TARGET = 10.1;
				MTL_ENABLE_DEBUG_INFO = YES;
				ONLY_ACTIVE_ARCH = YES;
				PROVISIONING_PROFILE = "6561e925-7a8b-423e-8e1b-f6bcf15caf90";
				SDKROOT = iphoneos;
				SWIFT_OPTIMIZATION_LEVEL = "-Onone";
				TARGETED_DEVICE_FAMILY = "1,2";
			};
			name = Debug;
		};
		D93CB7A91CC5372D00F8C73B /* Release */ = {
			isa = XCBuildConfiguration;
			buildSettings = {
				ALWAYS_SEARCH_USER_PATHS = NO;
				CLANG_CXX_LANGUAGE_STANDARD = "gnu++0x";
				CLANG_CXX_LIBRARY = "libc++";
				CLANG_ENABLE_MODULES = YES;
				CLANG_ENABLE_OBJC_ARC = YES;
				CLANG_WARN_BOOL_CONVERSION = YES;
				CLANG_WARN_CONSTANT_CONVERSION = YES;
				CLANG_WARN_DIRECT_OBJC_ISA_USAGE = YES_ERROR;
				CLANG_WARN_EMPTY_BODY = YES;
				CLANG_WARN_ENUM_CONVERSION = YES;
				CLANG_WARN_INFINITE_RECURSION = YES;
				CLANG_WARN_INT_CONVERSION = YES;
				CLANG_WARN_OBJC_ROOT_CLASS = YES_ERROR;
				CLANG_WARN_SUSPICIOUS_MOVE = YES;
				CLANG_WARN_UNREACHABLE_CODE = YES;
				CLANG_WARN__DUPLICATE_METHOD_MATCH = YES;
				CODE_SIGN_IDENTITY = "iPhone Developer: Alexander Weiss (C58M53AJ28)";
				"CODE_SIGN_IDENTITY[sdk=*]" = "iPhone Developer: Alexander Weiss (C58M53AJ28)";
				COPY_PHASE_STRIP = NO;
				DEBUG_INFORMATION_FORMAT = "dwarf-with-dsym";
				ENABLE_NS_ASSERTIONS = NO;
				ENABLE_STRICT_OBJC_MSGSEND = YES;
				GCC_C_LANGUAGE_STANDARD = gnu99;
				GCC_NO_COMMON_BLOCKS = YES;
				GCC_WARN_64_TO_32_BIT_CONVERSION = YES;
				GCC_WARN_ABOUT_RETURN_TYPE = YES_ERROR;
				GCC_WARN_UNDECLARED_SELECTOR = YES;
				GCC_WARN_UNINITIALIZED_AUTOS = YES_AGGRESSIVE;
				GCC_WARN_UNUSED_FUNCTION = YES;
				GCC_WARN_UNUSED_VARIABLE = YES;
				IPHONEOS_DEPLOYMENT_TARGET = 10.1;
				MTL_ENABLE_DEBUG_INFO = NO;
				PROVISIONING_PROFILE = "6561e925-7a8b-423e-8e1b-f6bcf15caf90";
				SDKROOT = iphoneos;
				SWIFT_OPTIMIZATION_LEVEL = "-Owholemodule";
				TARGETED_DEVICE_FAMILY = "1,2";
				VALIDATE_PRODUCT = YES;
			};
			name = Release;
		};
		D93CB7AB1CC5372D00F8C73B /* Debug */ = {
			isa = XCBuildConfiguration;
			baseConfigurationReference = CCC977EBBD58CFA943005459 /* Pods-MicroReminders.debug.xcconfig */;
			buildSettings = {
				ASSETCATALOG_COMPILER_APPICON_NAME = AppIcon;
				ASSETCATALOG_COMPILER_LAUNCHIMAGE_NAME = LaunchImage;
				CLANG_ENABLE_MODULES = YES;
				CODE_SIGN_IDENTITY = "iPhone Distribution: Northwestern University";
				"CODE_SIGN_IDENTITY[sdk=iphoneos*]" = "iPhone Developer";
				DEVELOPMENT_TEAM = W4E2C6X642;
				ENABLE_BITCODE = NO;
				ENABLE_TESTABILITY = YES;
				FRAMEWORK_SEARCH_PATHS = "$(inherited)";
				INFOPLIST_FILE = MicroReminders/Info.plist;
				IPHONEOS_DEPLOYMENT_TARGET = 10.1;
				LD_RUNPATH_SEARCH_PATHS = "$(inherited)";
				PRODUCT_BUNDLE_IDENTIFIER = edu.northwestern.delta.M;
				PRODUCT_NAME = "$(TARGET_NAME)";
				PROVISIONING_PROFILE = "de8fe3cc-0fdc-45fc-a57c-6e0ba1cad6e5";
				PROVISIONING_PROFILE_SPECIFIER = "Delta Lab";
				SWIFT_OBJC_BRIDGING_HEADER = MicroReminders/ObjCBridge.h;
				SWIFT_OPTIMIZATION_LEVEL = "-Onone";
				SWIFT_VERSION = 3.0;
				VALIDATE_PRODUCT = YES;
				VALID_ARCHS = "arm64 armv7s armv7";
			};
			name = Debug;
		};
		D93CB7AC1CC5372D00F8C73B /* Release */ = {
			isa = XCBuildConfiguration;
			baseConfigurationReference = 7BD9CF5CF668BE182CFF2666 /* Pods-MicroReminders.release.xcconfig */;
			buildSettings = {
				ASSETCATALOG_COMPILER_APPICON_NAME = AppIcon;
				ASSETCATALOG_COMPILER_LAUNCHIMAGE_NAME = LaunchImage;
				CLANG_ENABLE_MODULES = YES;
				CODE_SIGN_IDENTITY = "iPhone Distribution: Northwestern University";
				"CODE_SIGN_IDENTITY[sdk=*]" = "iPhone Distribution: Northwestern University";
				"CODE_SIGN_IDENTITY[sdk=iphoneos*]" = "iPhone Developer";
				DEVELOPMENT_TEAM = W4E2C6X642;
				ENABLE_BITCODE = NO;
				ENABLE_TESTABILITY = NO;
				FRAMEWORK_SEARCH_PATHS = "$(inherited)";
				INFOPLIST_FILE = MicroReminders/Info.plist;
				IPHONEOS_DEPLOYMENT_TARGET = 10.1;
				LD_RUNPATH_SEARCH_PATHS = "$(inherited)";
				ONLY_ACTIVE_ARCH = YES;
				PRODUCT_BUNDLE_IDENTIFIER = edu.northwestern.delta.M;
				PRODUCT_NAME = "$(TARGET_NAME)";
				PROVISIONING_PROFILE = "de8fe3cc-0fdc-45fc-a57c-6e0ba1cad6e5";
				PROVISIONING_PROFILE_SPECIFIER = "Delta Lab";
				SWIFT_OBJC_BRIDGING_HEADER = MicroReminders/ObjCBridge.h;
				SWIFT_VERSION = 3.0;
				VALID_ARCHS = "arm64 armv7s armv7";
			};
			name = Release;
		};
/* End XCBuildConfiguration section */

/* Begin XCConfigurationList section */
		D93CB7931CC5372D00F8C73B /* Build configuration list for PBXProject "MicroReminders" */ = {
			isa = XCConfigurationList;
			buildConfigurations = (
				D93CB7A81CC5372D00F8C73B /* Debug */,
				D93CB7A91CC5372D00F8C73B /* Release */,
			);
			defaultConfigurationIsVisible = 0;
			defaultConfigurationName = Release;
		};
		D93CB7AA1CC5372D00F8C73B /* Build configuration list for PBXNativeTarget "MicroReminders" */ = {
			isa = XCConfigurationList;
			buildConfigurations = (
				D93CB7AB1CC5372D00F8C73B /* Debug */,
				D93CB7AC1CC5372D00F8C73B /* Release */,
			);
			defaultConfigurationIsVisible = 0;
			defaultConfigurationName = Release;
		};
/* End XCConfigurationList section */
	};
	rootObject = D93CB7901CC5372D00F8C73B /* Project object */;
}
