// !$*UTF8*$!
{
	archiveVersion = 1;
	classes = {
	};
	objectVersion = 46;
	objects = {

/* Begin PBXBuildFile section */
		9951705E82CC1995199C0FA3 /* Pods_MicroReminders.framework in Frameworks */ = {isa = PBXBuildFile; fileRef = ECEE916698B983E30478A6B5 /* Pods_MicroReminders.framework */; };
		D972FB041DAEB8040052DBC1 /* TaskLandingPageViewController.swift in Sources */ = {isa = PBXBuildFile; fileRef = D972FB031DAEB8040052DBC1 /* TaskLandingPageViewController.swift */; };
		D972FB061DAEBCC10052DBC1 /* TaskLandingPageTableCell.swift in Sources */ = {isa = PBXBuildFile; fileRef = D972FB051DAEBCC10052DBC1 /* TaskLandingPageTableCell.swift */; };
		D973D9721DA833B500CAD9A3 /* GoogleService-Info.plist in Resources */ = {isa = PBXBuildFile; fileRef = D973D9711DA833B500CAD9A3 /* GoogleService-Info.plist */; };
		D97A44191DC3B3DE00B3A184 /* Notify.swift in Sources */ = {isa = PBXBuildFile; fileRef = D97A44181DC3B3DE00B3A184 /* Notify.swift */; };
		D992369F1CC97260009C4271 /* SwiftyJSON.framework in Frameworks */ = {isa = PBXBuildFile; fileRef = D992369E1CC97260009C4271 /* SwiftyJSON.framework */; settings = {ATTRIBUTES = (Required, ); }; };
		D9C2FF891DC50970007D08F1 /* Beacons.swift in Sources */ = {isa = PBXBuildFile; fileRef = D9C2FF881DC50970007D08F1 /* Beacons.swift */; };
		D9CD04331DB16B1F00EB97D3 /* TaskLandingPageTableViewController.swift in Sources */ = {isa = PBXBuildFile; fileRef = D9CD04321DB16B1F00EB97D3 /* TaskLandingPageTableViewController.swift */; };
		D9DF32E61DBBE61100281264 /* MyTasksViewController.swift in Sources */ = {isa = PBXBuildFile; fileRef = D9DF32E51DBBE61100281264 /* MyTasksViewController.swift */; };
		D9DF32E81DBBE64C00281264 /* MyTasksTableViewController.swift in Sources */ = {isa = PBXBuildFile; fileRef = D9DF32E71DBBE64C00281264 /* MyTasksTableViewController.swift */; };
		D9DF32EA1DBBE68D00281264 /* Task.swift in Sources */ = {isa = PBXBuildFile; fileRef = D9DF32E91DBBE68D00281264 /* Task.swift */; };
		D9DF32EC1DBBE84400281264 /* MyTasksTableCell.swift in Sources */ = {isa = PBXBuildFile; fileRef = D9DF32EB1DBBE84400281264 /* MyTasksTableCell.swift */; };
		D9E5889B1CC538650084D7E7 /* AppDelegate.swift in Sources */ = {isa = PBXBuildFile; fileRef = D9E588941CC538650084D7E7 /* AppDelegate.swift */; };
		D9E588A81CC538F80084D7E7 /* Main.storyboard in Resources */ = {isa = PBXBuildFile; fileRef = D9E588A51CC538F80084D7E7 /* Main.storyboard */; };
		D9EEA8CA1CEE7FB1000C64A0 /* Utilities.swift in Sources */ = {isa = PBXBuildFile; fileRef = D9EEA8C91CEE7FB1000C64A0 /* Utilities.swift */; };
/* End PBXBuildFile section */

/* Begin PBXFileReference section */
		7BD9CF5CF668BE182CFF2666 /* Pods-MicroReminders.release.xcconfig */ = {isa = PBXFileReference; includeInIndex = 1; lastKnownFileType = text.xcconfig; name = "Pods-MicroReminders.release.xcconfig"; path = "Pods/Target Support Files/Pods-MicroReminders/Pods-MicroReminders.release.xcconfig"; sourceTree = "<group>"; };
		CCC977EBBD58CFA943005459 /* Pods-MicroReminders.debug.xcconfig */ = {isa = PBXFileReference; includeInIndex = 1; lastKnownFileType = text.xcconfig; name = "Pods-MicroReminders.debug.xcconfig"; path = "Pods/Target Support Files/Pods-MicroReminders/Pods-MicroReminders.debug.xcconfig"; sourceTree = "<group>"; };
		D93CB7981CC5372D00F8C73B /* MicroReminders.app */ = {isa = PBXFileReference; explicitFileType = wrapper.application; includeInIndex = 0; path = MicroReminders.app; sourceTree = BUILT_PRODUCTS_DIR; };
		D972FB031DAEB8040052DBC1 /* TaskLandingPageViewController.swift */ = {isa = PBXFileReference; fileEncoding = 4; lastKnownFileType = sourcecode.swift; path = TaskLandingPageViewController.swift; sourceTree = "<group>"; };
		D972FB051DAEBCC10052DBC1 /* TaskLandingPageTableCell.swift */ = {isa = PBXFileReference; fileEncoding = 4; lastKnownFileType = sourcecode.swift; path = TaskLandingPageTableCell.swift; sourceTree = "<group>"; };
		D973D9711DA833B500CAD9A3 /* GoogleService-Info.plist */ = {isa = PBXFileReference; fileEncoding = 4; lastKnownFileType = text.plist.xml; path = "GoogleService-Info.plist"; sourceTree = SOURCE_ROOT; };
		D97A44181DC3B3DE00B3A184 /* Notify.swift */ = {isa = PBXFileReference; fileEncoding = 4; lastKnownFileType = sourcecode.swift; path = Notify.swift; sourceTree = "<group>"; };
		D992369E1CC97260009C4271 /* SwiftyJSON.framework */ = {isa = PBXFileReference; lastKnownFileType = wrapper.framework; name = SwiftyJSON.framework; path = "Pods/../build/Debug-iphoneos/SwiftyJSON.framework"; sourceTree = "<group>"; };
		D9C2FF881DC50970007D08F1 /* Beacons.swift */ = {isa = PBXFileReference; fileEncoding = 4; lastKnownFileType = sourcecode.swift; path = Beacons.swift; sourceTree = "<group>"; };
		D9CD04321DB16B1F00EB97D3 /* TaskLandingPageTableViewController.swift */ = {isa = PBXFileReference; fileEncoding = 4; lastKnownFileType = sourcecode.swift; path = TaskLandingPageTableViewController.swift; sourceTree = "<group>"; };
		D9DF32E51DBBE61100281264 /* MyTasksViewController.swift */ = {isa = PBXFileReference; fileEncoding = 4; lastKnownFileType = sourcecode.swift; path = MyTasksViewController.swift; sourceTree = "<group>"; };
		D9DF32E71DBBE64C00281264 /* MyTasksTableViewController.swift */ = {isa = PBXFileReference; fileEncoding = 4; lastKnownFileType = sourcecode.swift; path = MyTasksTableViewController.swift; sourceTree = "<group>"; };
		D9DF32E91DBBE68D00281264 /* Task.swift */ = {isa = PBXFileReference; fileEncoding = 4; lastKnownFileType = sourcecode.swift; path = Task.swift; sourceTree = "<group>"; };
		D9DF32EB1DBBE84400281264 /* MyTasksTableCell.swift */ = {isa = PBXFileReference; fileEncoding = 4; lastKnownFileType = sourcecode.swift; path = MyTasksTableCell.swift; sourceTree = "<group>"; };
		D9E588941CC538650084D7E7 /* AppDelegate.swift */ = {isa = PBXFileReference; fileEncoding = 4; lastKnownFileType = sourcecode.swift; path = AppDelegate.swift; sourceTree = "<group>"; };
		D9E588951CC538650084D7E7 /* Info.plist */ = {isa = PBXFileReference; fileEncoding = 4; lastKnownFileType = text.plist.xml; path = Info.plist; sourceTree = "<group>"; };
		D9E588961CC538650084D7E7 /* ObjCBridge.h */ = {isa = PBXFileReference; fileEncoding = 4; lastKnownFileType = sourcecode.c.h; path = ObjCBridge.h; sourceTree = "<group>"; };
		D9E588A61CC538F80084D7E7 /* Base */ = {isa = PBXFileReference; lastKnownFileType = file.storyboard; name = Base; path = Base.lproj/Main.storyboard; sourceTree = "<group>"; };
		D9EEA8C91CEE7FB1000C64A0 /* Utilities.swift */ = {isa = PBXFileReference; fileEncoding = 4; lastKnownFileType = sourcecode.swift; path = Utilities.swift; sourceTree = "<group>"; };
		ECEE916698B983E30478A6B5 /* Pods_MicroReminders.framework */ = {isa = PBXFileReference; explicitFileType = wrapper.framework; includeInIndex = 0; path = Pods_MicroReminders.framework; sourceTree = BUILT_PRODUCTS_DIR; };
/* End PBXFileReference section */

/* Begin PBXFrameworksBuildPhase section */
		D93CB7951CC5372D00F8C73B /* Frameworks */ = {
			isa = PBXFrameworksBuildPhase;
			buildActionMask = 2147483647;
			files = (
				D992369F1CC97260009C4271 /* SwiftyJSON.framework in Frameworks */,
				9951705E82CC1995199C0FA3 /* Pods_MicroReminders.framework in Frameworks */,
			);
			runOnlyForDeploymentPostprocessing = 0;
		};
/* End PBXFrameworksBuildPhase section */

/* Begin PBXGroup section */
		8A63EA7772D87627F5ABC5F3 /* Frameworks */ = {
			isa = PBXGroup;
			children = (
				D992369E1CC97260009C4271 /* SwiftyJSON.framework */,
				ECEE916698B983E30478A6B5 /* Pods_MicroReminders.framework */,
			);
			name = Frameworks;
			sourceTree = "<group>";
		};
		D402798820DBBFD08F9BB892 /* Pods */ = {
			isa = PBXGroup;
			children = (
				CCC977EBBD58CFA943005459 /* Pods-MicroReminders.debug.xcconfig */,
				7BD9CF5CF668BE182CFF2666 /* Pods-MicroReminders.release.xcconfig */,
			);
			name = Pods;
			sourceTree = "<group>";
		};
		D90323841CE811160025FEBB /* Supporting files */ = {
			isa = PBXGroup;
			children = (
				D9E588951CC538650084D7E7 /* Info.plist */,
				D973D9711DA833B500CAD9A3 /* GoogleService-Info.plist */,
				D9E588961CC538650084D7E7 /* ObjCBridge.h */,
				D9EEA8C91CEE7FB1000C64A0 /* Utilities.swift */,
			);
			name = "Supporting files";
			sourceTree = "<group>";
		};
		D93CB78F1CC5372D00F8C73B = {
			isa = PBXGroup;
			children = (
				D93CB79A1CC5372D00F8C73B /* MicroReminders */,
				D93CB7991CC5372D00F8C73B /* Products */,
				8A63EA7772D87627F5ABC5F3 /* Frameworks */,
				D402798820DBBFD08F9BB892 /* Pods */,
			);
			sourceTree = "<group>";
		};
		D93CB7991CC5372D00F8C73B /* Products */ = {
			isa = PBXGroup;
			children = (
				D93CB7981CC5372D00F8C73B /* MicroReminders.app */,
			);
			name = Products;
			sourceTree = "<group>";
		};
		D93CB79A1CC5372D00F8C73B /* MicroReminders */ = {
			isa = PBXGroup;
			children = (
				D9DF32E41DBBE5F200281264 /* MyTasksPage */,
				D972FB021DAEB7990052DBC1 /* TaskLandingPage */,
				D98D4C881CF3BDC100DC995B /* NotifyTask */,
				D90323841CE811160025FEBB /* Supporting files */,
				D9E588A51CC538F80084D7E7 /* Main.storyboard */,
				D9E588941CC538650084D7E7 /* AppDelegate.swift */,
				D9C2FF881DC50970007D08F1 /* Beacons.swift */,
			);
			path = MicroReminders;
			sourceTree = "<group>";
		};
		D972FB021DAEB7990052DBC1 /* TaskLandingPage */ = {
			isa = PBXGroup;
			children = (
				D972FB031DAEB8040052DBC1 /* TaskLandingPageViewController.swift */,
				D972FB051DAEBCC10052DBC1 /* TaskLandingPageTableCell.swift */,
				D9CD04321DB16B1F00EB97D3 /* TaskLandingPageTableViewController.swift */,
			);
			name = TaskLandingPage;
			sourceTree = "<group>";
		};
		D98D4C881CF3BDC100DC995B /* NotifyTask */ = {
			isa = PBXGroup;
			children = (
				D9DF32E91DBBE68D00281264 /* Task.swift */,
				D97A44181DC3B3DE00B3A184 /* Notify.swift */,
			);
			name = NotifyTask;
			sourceTree = "<group>";
		};
		D9DF32E41DBBE5F200281264 /* MyTasksPage */ = {
			isa = PBXGroup;
			children = (
				D9DF32E51DBBE61100281264 /* MyTasksViewController.swift */,
				D9DF32E71DBBE64C00281264 /* MyTasksTableViewController.swift */,
				D9DF32EB1DBBE84400281264 /* MyTasksTableCell.swift */,
			);
			name = MyTasksPage;
			sourceTree = "<group>";
		};
/* End PBXGroup section */

/* Begin PBXNativeTarget section */
		D93CB7971CC5372D00F8C73B /* MicroReminders */ = {
			isa = PBXNativeTarget;
			buildConfigurationList = D93CB7AA1CC5372D00F8C73B /* Build configuration list for PBXNativeTarget "MicroReminders" */;
			buildPhases = (
				88AE0599F8F953F23DD6382D /* 📦 Check Pods Manifest.lock */,
				D93CB7941CC5372D00F8C73B /* Sources */,
				D93CB7951CC5372D00F8C73B /* Frameworks */,
				D93CB7961CC5372D00F8C73B /* Resources */,
				D9E22B56CEE4EF3313A884E8 /* 📦 Embed Pods Frameworks */,
				A1682FEDA7937AA42D22ACAE /* 📦 Copy Pods Resources */,
			);
			buildRules = (
			);
			dependencies = (
			);
			name = MicroReminders;
			productName = MicroReminders;
			productReference = D93CB7981CC5372D00F8C73B /* MicroReminders.app */;
			productType = "com.apple.product-type.application";
		};
/* End PBXNativeTarget section */

/* Begin PBXProject section */
		D93CB7901CC5372D00F8C73B /* Project object */ = {
			isa = PBXProject;
			attributes = {
				LastSwiftUpdateCheck = 0720;
				LastUpgradeCheck = 0720;
				ORGANIZATIONNAME = "Sasha Weiss";
				TargetAttributes = {
					D93CB7971CC5372D00F8C73B = {
						CreatedOnToolsVersion = 7.2;
						DevelopmentTeam = W4E2C6X642;
					};
				};
			};
			buildConfigurationList = D93CB7931CC5372D00F8C73B /* Build configuration list for PBXProject "MicroReminders" */;
			compatibilityVersion = "Xcode 3.2";
			developmentRegion = English;
			hasScannedForEncodings = 0;
			knownRegions = (
				en,
				Base,
			);
			mainGroup = D93CB78F1CC5372D00F8C73B;
			productRefGroup = D93CB7991CC5372D00F8C73B /* Products */;
			projectDirPath = "";
			projectRoot = "";
			targets = (
				D93CB7971CC5372D00F8C73B /* MicroReminders */,
			);
		};
/* End PBXProject section */

/* Begin PBXResourcesBuildPhase section */
		D93CB7961CC5372D00F8C73B /* Resources */ = {
			isa = PBXResourcesBuildPhase;
			buildActionMask = 2147483647;
			files = (
				D9E588A81CC538F80084D7E7 /* Main.storyboard in Resources */,
				D973D9721DA833B500CAD9A3 /* GoogleService-Info.plist in Resources */,
			);
			runOnlyForDeploymentPostprocessing = 0;
		};
/* End PBXResourcesBuildPhase section */

/* Begin PBXShellScriptBuildPhase section */
		88AE0599F8F953F23DD6382D /* 📦 Check Pods Manifest.lock */ = {
			isa = PBXShellScriptBuildPhase;
			buildActionMask = 2147483647;
			files = (
			);
			inputPaths = (
			);
			name = "📦 Check Pods Manifest.lock";
			outputPaths = (
			);
			runOnlyForDeploymentPostprocessing = 0;
			shellPath = /bin/sh;
			shellScript = "diff \"${PODS_ROOT}/../Podfile.lock\" \"${PODS_ROOT}/Manifest.lock\" > /dev/null\nif [[ $? != 0 ]] ; then\n    cat << EOM\nerror: The sandbox is not in sync with the Podfile.lock. Run 'pod install' or update your CocoaPods installation.\nEOM\n    exit 1\nfi\n";
			showEnvVarsInLog = 0;
		};
		A1682FEDA7937AA42D22ACAE /* 📦 Copy Pods Resources */ = {
			isa = PBXShellScriptBuildPhase;
			buildActionMask = 2147483647;
			files = (
			);
			inputPaths = (
			);
			name = "📦 Copy Pods Resources";
			outputPaths = (
			);
			runOnlyForDeploymentPostprocessing = 0;
			shellPath = /bin/sh;
			shellScript = "\"${SRCROOT}/Pods/Target Support Files/Pods-MicroReminders/Pods-MicroReminders-resources.sh\"\n";
			showEnvVarsInLog = 0;
		};
		D9E22B56CEE4EF3313A884E8 /* 📦 Embed Pods Frameworks */ = {
			isa = PBXShellScriptBuildPhase;
			buildActionMask = 2147483647;
			files = (
			);
			inputPaths = (
			);
			name = "📦 Embed Pods Frameworks";
			outputPaths = (
			);
			runOnlyForDeploymentPostprocessing = 0;
			shellPath = /bin/sh;
			shellScript = "\"${SRCROOT}/Pods/Target Support Files/Pods-MicroReminders/Pods-MicroReminders-frameworks.sh\"\n";
			showEnvVarsInLog = 0;
		};
/* End PBXShellScriptBuildPhase section */

/* Begin PBXSourcesBuildPhase section */
		D93CB7941CC5372D00F8C73B /* Sources */ = {
			isa = PBXSourcesBuildPhase;
			buildActionMask = 2147483647;
			files = (
				D9CD04331DB16B1F00EB97D3 /* TaskLandingPageTableViewController.swift in Sources */,
				D9C2FF891DC50970007D08F1 /* Beacons.swift in Sources */,
				D9DF32E61DBBE61100281264 /* MyTasksViewController.swift in Sources */,
				D9DF32EC1DBBE84400281264 /* MyTasksTableCell.swift in Sources */,
				D9DF32EA1DBBE68D00281264 /* Task.swift in Sources */,
				D972FB061DAEBCC10052DBC1 /* TaskLandingPageTableCell.swift in Sources */,
				D9DF32E81DBBE64C00281264 /* MyTasksTableViewController.swift in Sources */,
				D97A44191DC3B3DE00B3A184 /* Notify.swift in Sources */,
				D9E5889B1CC538650084D7E7 /* AppDelegate.swift in Sources */,
				D972FB041DAEB8040052DBC1 /* TaskLandingPageViewController.swift in Sources */,
				D9EEA8CA1CEE7FB1000C64A0 /* Utilities.swift in Sources */,
			);
			runOnlyForDeploymentPostprocessing = 0;
		};
/* End PBXSourcesBuildPhase section */

/* Begin PBXVariantGroup section */
		D9E588A51CC538F80084D7E7 /* Main.storyboard */ = {
			isa = PBXVariantGroup;
			children = (
				D9E588A61CC538F80084D7E7 /* Base */,
			);
			name = Main.storyboard;
			sourceTree = "<group>";
		};
/* End PBXVariantGroup section */

/* Begin XCBuildConfiguration section */
		D93CB7A81CC5372D00F8C73B /* Debug */ = {
			isa = XCBuildConfiguration;
			buildSettings = {
				ALWAYS_SEARCH_USER_PATHS = NO;
				CLANG_CXX_LANGUAGE_STANDARD = "gnu++0x";
				CLANG_CXX_LIBRARY = "libc++";
				CLANG_ENABLE_MODULES = YES;
				CLANG_ENABLE_OBJC_ARC = YES;
				CLANG_WARN_BOOL_CONVERSION = YES;
				CLANG_WARN_CONSTANT_CONVERSION = YES;
				CLANG_WARN_DIRECT_OBJC_ISA_USAGE = YES_ERROR;
				CLANG_WARN_EMPTY_BODY = YES;
				CLANG_WARN_ENUM_CONVERSION = YES;
				CLANG_WARN_INT_CONVERSION = YES;
				CLANG_WARN_OBJC_ROOT_CLASS = YES_ERROR;
				CLANG_WARN_UNREACHABLE_CODE = YES;
				CLANG_WARN__DUPLICATE_METHOD_MATCH = YES;
				"CODE_SIGN_IDENTITY[sdk=iphoneos*]" = "iPhone Developer";
				COPY_PHASE_STRIP = NO;
				DEBUG_INFORMATION_FORMAT = dwarf;
				ENABLE_STRICT_OBJC_MSGSEND = YES;
				ENABLE_TESTABILITY = YES;
				GCC_C_LANGUAGE_STANDARD = gnu99;
				GCC_DYNAMIC_NO_PIC = NO;
				GCC_NO_COMMON_BLOCKS = YES;
				GCC_OPTIMIZATION_LEVEL = 0;
				GCC_PREPROCESSOR_DEFINITIONS = (
					"DEBUG=1",
					"$(inherited)",
				);
				GCC_WARN_64_TO_32_BIT_CONVERSION = YES;
				GCC_WARN_ABOUT_RETURN_TYPE = YES_ERROR;
				GCC_WARN_UNDECLARED_SELECTOR = YES;
				GCC_WARN_UNINITIALIZED_AUTOS = YES_AGGRESSIVE;
				GCC_WARN_UNUSED_FUNCTION = YES;
				GCC_WARN_UNUSED_VARIABLE = YES;
				IPHONEOS_DEPLOYMENT_TARGET = 9.2;
				MTL_ENABLE_DEBUG_INFO = YES;
				ONLY_ACTIVE_ARCH = YES;
				PROVISIONING_PROFILE = "228df4d3-4dc3-45b4-9b57-f30e5c4da934";
				SDKROOT = iphoneos;
				SWIFT_OPTIMIZATION_LEVEL = "-Onone";
				TARGETED_DEVICE_FAMILY = "1,2";
			};
			name = Debug;
		};
		D93CB7A91CC5372D00F8C73B /* Release */ = {
			isa = XCBuildConfiguration;
			buildSettings = {
				ALWAYS_SEARCH_USER_PATHS = NO;
				CLANG_CXX_LANGUAGE_STANDARD = "gnu++0x";
				CLANG_CXX_LIBRARY = "libc++";
				CLANG_ENABLE_MODULES = YES;
				CLANG_ENABLE_OBJC_ARC = YES;
				CLANG_WARN_BOOL_CONVERSION = YES;
				CLANG_WARN_CONSTANT_CONVERSION = YES;
				CLANG_WARN_DIRECT_OBJC_ISA_USAGE = YES_ERROR;
				CLANG_WARN_EMPTY_BODY = YES;
				CLANG_WARN_ENUM_CONVERSION = YES;
				CLANG_WARN_INT_CONVERSION = YES;
				CLANG_WARN_OBJC_ROOT_CLASS = YES_ERROR;
				CLANG_WARN_UNREACHABLE_CODE = YES;
				CLANG_WARN__DUPLICATE_METHOD_MATCH = YES;
				"CODE_SIGN_IDENTITY[sdk=*]" = "iPhone Distribution: Northwestern University";
				COPY_PHASE_STRIP = NO;
				DEBUG_INFORMATION_FORMAT = "dwarf-with-dsym";
				ENABLE_NS_ASSERTIONS = NO;
				ENABLE_STRICT_OBJC_MSGSEND = YES;
				GCC_C_LANGUAGE_STANDARD = gnu99;
				GCC_NO_COMMON_BLOCKS = YES;
				GCC_WARN_64_TO_32_BIT_CONVERSION = YES;
				GCC_WARN_ABOUT_RETURN_TYPE = YES_ERROR;
				GCC_WARN_UNDECLARED_SELECTOR = YES;
				GCC_WARN_UNINITIALIZED_AUTOS = YES_AGGRESSIVE;
				GCC_WARN_UNUSED_FUNCTION = YES;
				GCC_WARN_UNUSED_VARIABLE = YES;
				IPHONEOS_DEPLOYMENT_TARGET = 9.2;
				MTL_ENABLE_DEBUG_INFO = NO;
				PROVISIONING_PROFILE = "228df4d3-4dc3-45b4-9b57-f30e5c4da934";
				SDKROOT = iphoneos;
				TARGETED_DEVICE_FAMILY = "1,2";
				VALIDATE_PRODUCT = YES;
			};
			name = Release;
		};
		D93CB7AB1CC5372D00F8C73B /* Debug */ = {
			isa = XCBuildConfiguration;
			baseConfigurationReference = CCC977EBBD58CFA943005459 /* Pods-MicroReminders.debug.xcconfig */;
			buildSettings = {
				CLANG_ENABLE_MODULES = YES;
				CODE_SIGN_IDENTITY = "iPhone Distribution: Northwestern University";
				"CODE_SIGN_IDENTITY[sdk=iphoneos*]" = "iPhone Distribution: Northwestern University";
				ENABLE_BITCODE = NO;
				ENABLE_TESTABILITY = YES;
				FRAMEWORK_SEARCH_PATHS = "$(inherited)";
				INFOPLIST_FILE = MicroReminders/Info.plist;
				IPHONEOS_DEPLOYMENT_TARGET = 9.3;
				LD_RUNPATH_SEARCH_PATHS = "$(inherited)";
				PRODUCT_BUNDLE_IDENTIFIER = edu.northwestern.delta.M;
				PRODUCT_NAME = "$(TARGET_NAME)";
				PROVISIONING_PROFILE = "6561e925-7a8b-423e-8e1b-f6bcf15caf90";
				SWIFT_OBJC_BRIDGING_HEADER = MicroReminders/ObjCBridge.h;
				SWIFT_OPTIMIZATION_LEVEL = "-Onone";
				VALIDATE_PRODUCT = YES;
				VALID_ARCHS = "arm64 armv7s armv7";
			};
			name = Debug;
		};
		D93CB7AC1CC5372D00F8C73B /* Release */ = {
			isa = XCBuildConfiguration;
			baseConfigurationReference = 7BD9CF5CF668BE182CFF2666 /* Pods-MicroReminders.release.xcconfig */;
			buildSettings = {
				CLANG_ENABLE_MODULES = YES;
				CODE_SIGN_IDENTITY = "iPhone Distribution: Northwestern University";
				"CODE_SIGN_IDENTITY[sdk=*]" = "iPhone Distribution: Northwestern University";
				"CODE_SIGN_IDENTITY[sdk=iphoneos*]" = "iPhone Distribution: Northwestern University";
				ENABLE_BITCODE = NO;
				ENABLE_TESTABILITY = NO;
				FRAMEWORK_SEARCH_PATHS = "$(inherited)";
				INFOPLIST_FILE = MicroReminders/Info.plist;
				IPHONEOS_DEPLOYMENT_TARGET = 9.3;
				LD_RUNPATH_SEARCH_PATHS = "$(inherited)";
				ONLY_ACTIVE_ARCH = YES;
				PRODUCT_BUNDLE_IDENTIFIER = edu.northwestern.delta.M;
				PRODUCT_NAME = "$(TARGET_NAME)";
				PROVISIONING_PROFILE = "6561e925-7a8b-423e-8e1b-f6bcf15caf90";
				SWIFT_OBJC_BRIDGING_HEADER = MicroReminders/ObjCBridge.h;
				VALID_ARCHS = "arm64 armv7s armv7";
			};
			name = Release;
		};
/* End XCBuildConfiguration section */

/* Begin XCConfigurationList section */
		D93CB7931CC5372D00F8C73B /* Build configuration list for PBXProject "MicroReminders" */ = {
			isa = XCConfigurationList;
			buildConfigurations = (
				D93CB7A81CC5372D00F8C73B /* Debug */,
				D93CB7A91CC5372D00F8C73B /* Release */,
			);
			defaultConfigurationIsVisible = 0;
			defaultConfigurationName = Release;
		};
		D93CB7AA1CC5372D00F8C73B /* Build configuration list for PBXNativeTarget "MicroReminders" */ = {
			isa = XCConfigurationList;
			buildConfigurations = (
				D93CB7AB1CC5372D00F8C73B /* Debug */,
				D93CB7AC1CC5372D00F8C73B /* Release */,
			);
			defaultConfigurationIsVisible = 0;
			defaultConfigurationName = Release;
		};
/* End XCConfigurationList section */
	};
	rootObject = D93CB7901CC5372D00F8C73B /* Project object */;
}
